
Microsoft Visual Studio Solution File, Format Version 12.00
# Visual Studio Version 17
VisualStudioVersion = 17.14.36408.4 d17.14
MinimumVisualStudioVersion = 10.0.40219.1
Project("{FAE04EC0-301F-11D3-BF4B-00C04F79EFBC}") = "percabangan", "percabangan\percabangan.csproj", "{2CF89382-BD95-4BB5-95DC-E7687690A530}"
EndProject
Global
	GlobalSection(SolutionConfigurationPlatforms) = preSolution
		Debug|Any CPU = Debug|Any CPU
		Release|Any CPU = Release|Any CPU
	EndGlobalSection
	GlobalSection(ProjectConfigurationPlatforms) = postSolution
		{2CF89382-BD95-4BB5-95DC-E7687690A530}.Debug|Any CPU.ActiveCfg = Debug|Any CPU
		{2CF89382-BD95-4BB5-95DC-E7687690A530}.Debug|Any CPU.Build.0 = Debug|Any CPU
		{2CF89382-BD95-4BB5-95DC-E7687690A530}.Release|Any CPU.ActiveCfg = Release|Any CPU
		{2CF89382-BD95-4BB5-95DC-E7687690A530}.Release|Any CPU.Build.0 = Release|Any CPU
	EndGlobalSection
	GlobalSection(SolutionProperties) = preSolution
		HideSolutionNode = FALSE
	EndGlobalSection
	GlobalSection(ExtensibilityGlobals) = postSolution
		SolutionGuid = {2A10E70A-0AA0-4C3B-8FC8-6A38FF463C7E}
	EndGlobalSection
EndGlobal
